PODS:
  - Flutter (1.0.0)
  - plugin1 (0.0.1):
    - Flutter
  - plugin2 (0.0.1):
    - Flutter

DEPENDENCIES:
  - Flutter (from `Flutter`)
  - plugin1 (from `.symlinks/plugins/plugin1/ios`)
  - plugin2 (from `.symlinks/plugins/plugin2/ios`)

EXTERNAL SOURCES:
  Flutter:
    :path: Flutter
  plugin1:
    :path: ".symlinks/plugins/plugin1/ios"
  plugin2:
    :path: ".symlinks/plugins/plugin2/ios"

SPEC CHECKSUMS:
  Flutter: 50d75fe2f02b26cc09d224853bb45737f8b3214a
  plugin1: d34fc90c50ce451e6491b0fd6a0e20940d75391d
  plugin2: 52603e1f5ca612c08694a27169e22be5324dc49d

PODFILE CHECKSUM: aafe91acc616949ddb318b77800a7f51bffa2a4c

COCOAPODS: 1.11.2
