PODS:
  - Flutter (1.0.0)
  - flutter_downloader (0.0.1):
    - Flutter
  - flutter_inappwebview (0.0.1):
    - Flutter
    - flutter_inappwebview/Core (= 0.0.1)
    - OrderedSet (~> 5.0)
  - flutter_inappwebview/Core (0.0.1):
    - Flutter
    - OrderedSet (~> 5.0)
  - OrderedSet (5.0.0)
  - path_provider (0.0.1):
    - Flutter
  - "permission_handler (5.1.0+2)":
    - Flutter
  - url_launcher (0.0.1):
    - Flutter

DEPENDENCIES:
  - Flutter (from `Flutter`)
  - flutter_downloader (from `../../../../.terra/caches/sdk/2.0.6/flutter/.pub-cache/hosted/pub.dartlang.org/flutter_downloader-1.7.2/ios`)
  - flutter_inappwebview (from `../../../../.terra/caches/sdk/2.0.6/flutter/.pub-cache/hosted/pub.dartlang.org/flutter_inappwebview-5.3.2/ios`)
  - path_provider (from `../../../../.terra/caches/sdk/2.0.6/flutter/.pub-cache/hosted/pub.dartlang.org/path_provider-2.0.4/ios`)
  - "permission_handler (from `../../../../.terra/caches/sdk/2.0.6/flutter/.pub-cache/hosted/pub.dartlang.org/permission_handler-5.1.0+2/ios`)"
  - url_launcher (from `../../../../.terra/caches/sdk/2.0.6/flutter/.pub-cache/hosted/pub.dartlang.org/url_launcher-6.0.5/ios`)

SPEC REPOS:
  trunk:
    - OrderedSet

EXTERNAL SOURCES:
  Flutter:
    :path: Flutter
  flutter_downloader:
    :path: "../../../../.terra/caches/sdk/2.0.6/flutter/.pub-cache/hosted/pub.dartlang.org/flutter_downloader-1.7.2/ios"
  flutter_inappwebview:
    :path: "../../../../.terra/caches/sdk/2.0.6/flutter/.pub-cache/hosted/pub.dartlang.org/flutter_inappwebview-5.3.2/ios"
  path_provider:
    :path: "../../../../.terra/caches/sdk/2.0.6/flutter/.pub-cache/hosted/pub.dartlang.org/path_provider-2.0.4/ios"
  permission_handler:
    :path: "../../../../.terra/caches/sdk/2.0.6/flutter/.pub-cache/hosted/pub.dartlang.org/permission_handler-5.1.0+2/ios"
  url_launcher:
    :path: "../../../../.terra/caches/sdk/2.0.6/flutter/.pub-cache/hosted/pub.dartlang.org/url_launcher-6.0.5/ios"

SPEC CHECKSUMS:
  Flutter: 434fef37c0980e73bb6479ef766c45957d4b510c
  flutter_downloader: 058b9c41564a90500f67f3e432e3524613a7fd83
  flutter_inappwebview: bfd58618f49dc62f2676de690fc6dcda1d6c3721
  OrderedSet: aaeb196f7fef5a9edf55d89760da9176ad40b93c
  path_provider: abfe2b5c733d04e238b0d8691db0cfd63a27a93c
  permission_handler: ccb20a9fad0ee9b1314a52b70b76b473c5f8dab0
  url_launcher: 6fef411d543ceb26efce54b05a0a40bfd74cbbef

PODFILE CHECKSUM: aafe91acc616949ddb318b77800a7f51bffa2a4c

COCOAPODS: 1.11.2
